
Microsoft Visual Studio Solution File, Format Version 12.00
# Visual Studio Version 17
Project("{8BC9CEB8-8B4A-11D0-8D11-00A0C91BC942}") = "ALL_BUILD", "ALL_BUILD.vcxproj", "{E96512EF-C38F-3F49-991C-AA1DDC5FB315}"
	ProjectSection(ProjectDependencies) = postProject
		{AA89F7CB-B9C4-3638-8A5E-5CF215C7A4DC} = {AA89F7CB-B9C4-3638-8A5E-5CF215C7A4DC}
		{29282FDB-C252-3901-97AB-323A5618CB63} = {29282FDB-C252-3901-97AB-323A5618CB63}
		{B399450A-C1B0-3E59-900D-3742E6D5399F} = {B399450A-C1B0-3E59-900D-3742E6D5399F}
		{8687F379-3B15-376D-A7E7-9EC2037C851C} = {8687F379-3B15-376D-A7E7-9EC2037C851C}
	EndProjectSection
EndProject
Project("{8BC9CEB8-8B4A-11D0-8D11-00A0C91BC942}") = "BubbleSortBenchmarks", "BubbleSortBenchmarks\BubbleSortBenchmarks.vcxproj", "{AA89F7CB-B9C4-3638-8A5E-5CF215C7A4DC}"
	ProjectSection(ProjectDependencies) = postProject
		{29282FDB-C252-3901-97AB-323A5618CB63} = {29282FDB-C252-3901-97AB-323A5618CB63}
		{B399450A-C1B0-3E59-900D-3742E6D5399F} = {B399450A-C1B0-3E59-900D-3742E6D5399F}
	EndProjectSection
EndProject
Project("{8BC9CEB8-8B4A-11D0-8D11-00A0C91BC942}") = "INSTALL", "INSTALL.vcxproj", "{F791D3B6-10B2-36F4-BF53-5D6B7CFD1DA4}"
	ProjectSection(ProjectDependencies) = postProject
		{E96512EF-C38F-3F49-991C-AA1DDC5FB315} = {E96512EF-C38F-3F49-991C-AA1DDC5FB315}
		{29282FDB-C252-3901-97AB-323A5618CB63} = {29282FDB-C252-3901-97AB-323A5618CB63}
	EndProjectSection
EndProject
Project("{8BC9CEB8-8B4A-11D0-8D11-00A0C91BC942}") = "ZERO_CHECK", "ZERO_CHECK.vcxproj", "{29282FDB-C252-3901-97AB-323A5618CB63}"
	ProjectSection(ProjectDependencies) = postProject
	EndProjectSection
EndProject
Project("{8BC9CEB8-8B4A-11D0-8D11-00A0C91BC942}") = "benchmark", "_deps\googlebenchmark-build\src\benchmark.vcxproj", "{B399450A-C1B0-3E59-900D-3742E6D5399F}"
	ProjectSection(ProjectDependencies) = postProject
		{29282FDB-C252-3901-97AB-323A5618CB63} = {29282FDB-C252-3901-97AB-323A5618CB63}
	EndProjectSection
EndProject
Project("{8BC9CEB8-8B4A-11D0-8D11-00A0C91BC942}") = "benchmark_main", "_deps\googlebenchmark-build\src\benchmark_main.vcxproj", "{8687F379-3B15-376D-A7E7-9EC2037C851C}"
	ProjectSection(ProjectDependencies) = postProject
		{29282FDB-C252-3901-97AB-323A5618CB63} = {29282FDB-C252-3901-97AB-323A5618CB63}
		{B399450A-C1B0-3E59-900D-3742E6D5399F} = {B399450A-C1B0-3E59-900D-3742E6D5399F}
	EndProjectSection
EndProject
Global
	GlobalSection(SolutionConfigurationPlatforms) = preSolution
		Debug|x64 = Debug|x64
		Release|x64 = Release|x64
		MinSizeRel|x64 = MinSizeRel|x64
		RelWithDebInfo|x64 = RelWithDebInfo|x64
	EndGlobalSection
	GlobalSection(ProjectConfigurationPlatforms) = postSolution
		{E96512EF-C38F-3F49-991C-AA1DDC5FB315}.Debug|x64.ActiveCfg = Debug|x64
		{E96512EF-C38F-3F49-991C-AA1DDC5FB315}.Debug|x64.Build.0 = Debug|x64
		{E96512EF-C38F-3F49-991C-AA1DDC5FB315}.Release|x64.ActiveCfg = Release|x64
		{E96512EF-C38F-3F49-991C-AA1DDC5FB315}.Release|x64.Build.0 = Release|x64
		{E96512EF-C38F-3F49-991C-AA1DDC5FB315}.MinSizeRel|x64.ActiveCfg = MinSizeRel|x64
		{E96512EF-C38F-3F49-991C-AA1DDC5FB315}.MinSizeRel|x64.Build.0 = MinSizeRel|x64
		{E96512EF-C38F-3F49-991C-AA1DDC5FB315}.RelWithDebInfo|x64.ActiveCfg = RelWithDebInfo|x64
		{E96512EF-C38F-3F49-991C-AA1DDC5FB315}.RelWithDebInfo|x64.Build.0 = RelWithDebInfo|x64
		{AA89F7CB-B9C4-3638-8A5E-5CF215C7A4DC}.Debug|x64.ActiveCfg = Debug|x64
		{AA89F7CB-B9C4-3638-8A5E-5CF215C7A4DC}.Debug|x64.Build.0 = Debug|x64
		{AA89F7CB-B9C4-3638-8A5E-5CF215C7A4DC}.Release|x64.ActiveCfg = Release|x64
		{AA89F7CB-B9C4-3638-8A5E-5CF215C7A4DC}.Release|x64.Build.0 = Release|x64
		{AA89F7CB-B9C4-3638-8A5E-5CF215C7A4DC}.MinSizeRel|x64.ActiveCfg = MinSizeRel|x64
		{AA89F7CB-B9C4-3638-8A5E-5CF215C7A4DC}.MinSizeRel|x64.Build.0 = MinSizeRel|x64
		{AA89F7CB-B9C4-3638-8A5E-5CF215C7A4DC}.RelWithDebInfo|x64.ActiveCfg = RelWithDebInfo|x64
		{AA89F7CB-B9C4-3638-8A5E-5CF215C7A4DC}.RelWithDebInfo|x64.Build.0 = RelWithDebInfo|x64
		{F791D3B6-10B2-36F4-BF53-5D6B7CFD1DA4}.Debug|x64.ActiveCfg = Debug|x64
		{F791D3B6-10B2-36F4-BF53-5D6B7CFD1DA4}.Release|x64.ActiveCfg = Release|x64
		{F791D3B6-10B2-36F4-BF53-5D6B7CFD1DA4}.MinSizeRel|x64.ActiveCfg = MinSizeRel|x64
		{F791D3B6-10B2-36F4-BF53-5D6B7CFD1DA4}.RelWithDebInfo|x64.ActiveCfg = RelWithDebInfo|x64
		{29282FDB-C252-3901-97AB-323A5618CB63}.Debug|x64.ActiveCfg = Debug|x64
		{29282FDB-C252-3901-97AB-323A5618CB63}.Debug|x64.Build.0 = Debug|x64
		{29282FDB-C252-3901-97AB-323A5618CB63}.Release|x64.ActiveCfg = Release|x64
		{29282FDB-C252-3901-97AB-323A5618CB63}.Release|x64.Build.0 = Release|x64
		{29282FDB-C252-3901-97AB-323A5618CB63}.MinSizeRel|x64.ActiveCfg = MinSizeRel|x64
		{29282FDB-C252-3901-97AB-323A5618CB63}.MinSizeRel|x64.Build.0 = MinSizeRel|x64
		{29282FDB-C252-3901-97AB-323A5618CB63}.RelWithDebInfo|x64.ActiveCfg = RelWithDebInfo|x64
		{29282FDB-C252-3901-97AB-323A5618CB63}.RelWithDebInfo|x64.Build.0 = RelWithDebInfo|x64
		{B399450A-C1B0-3E59-900D-3742E6D5399F}.Debug|x64.ActiveCfg = Debug|x64
		{B399450A-C1B0-3E59-900D-3742E6D5399F}.Debug|x64.Build.0 = Debug|x64
		{B399450A-C1B0-3E59-900D-3742E6D5399F}.Release|x64.ActiveCfg = Release|x64
		{B399450A-C1B0-3E59-900D-3742E6D5399F}.Release|x64.Build.0 = Release|x64
		{B399450A-C1B0-3E59-900D-3742E6D5399F}.MinSizeRel|x64.ActiveCfg = MinSizeRel|x64
		{B399450A-C1B0-3E59-900D-3742E6D5399F}.MinSizeRel|x64.Build.0 = MinSizeRel|x64
		{B399450A-C1B0-3E59-900D-3742E6D5399F}.RelWithDebInfo|x64.ActiveCfg = RelWithDebInfo|x64
		{B399450A-C1B0-3E59-900D-3742E6D5399F}.RelWithDebInfo|x64.Build.0 = RelWithDebInfo|x64
		{8687F379-3B15-376D-A7E7-9EC2037C851C}.Debug|x64.ActiveCfg = Debug|x64
		{8687F379-3B15-376D-A7E7-9EC2037C851C}.Debug|x64.Build.0 = Debug|x64
		{8687F379-3B15-376D-A7E7-9EC2037C851C}.Release|x64.ActiveCfg = Release|x64
		{8687F379-3B15-376D-A7E7-9EC2037C851C}.Release|x64.Build.0 = Release|x64
		{8687F379-3B15-376D-A7E7-9EC2037C851C}.MinSizeRel|x64.ActiveCfg = MinSizeRel|x64
		{8687F379-3B15-376D-A7E7-9EC2037C851C}.MinSizeRel|x64.Build.0 = MinSizeRel|x64
		{8687F379-3B15-376D-A7E7-9EC2037C851C}.RelWithDebInfo|x64.ActiveCfg = RelWithDebInfo|x64
		{8687F379-3B15-376D-A7E7-9EC2037C851C}.RelWithDebInfo|x64.Build.0 = RelWithDebInfo|x64
	EndGlobalSection
	GlobalSection(ExtensibilityGlobals) = postSolution
		SolutionGuid = {492DB56D-9FD8-3360-A7DC-11747769694F}
	EndGlobalSection
	GlobalSection(ExtensibilityAddIns) = postSolution
	EndGlobalSection
EndGlobal
